github.com/pschlump/MiscLib v1.0.7 h1:h9Fd5qZujNOVGufBk7VvSpb+VPY2W0wNMqzEHrJdyPo=
github.com/pschlump/MiscLib v1.0.7/go.mod h1:SF2sAhmiyWURRP+VkBjODUS/nt7kbsaZwvnQQkjs7YQ=
github.com/pschlump/ansi v1.0.6 h1:mAAZ20uW+pPuULwI6Rekx+f0nUs1F476JPsmgJw2gz4=
github.com/pschlump/ansi v1.0.6/go.mod h1:HL+yF5C/q9zeF4b7yy4IWv1D/YhDvAdASrcvHXIbDlg=
github.com/pschlump/go-colorable v0.0.22 h1:TDWqizpzKbKIYVazTqzjqIeNhRkqcjiDWEg2bf77DSs=
github.com/pschlump/go-colorable v0.0.22/go.mod h1:apIdzWy0G288QcNSRRBUzEIQX5YO7VwqlOtX2b/AMCg=
github.com/pschlump/go-isatty v0.0.22 h1:RLvML5xPE8XQXvqs5B8mcm1ZQ5TaqxlTTCIICkhjQzE=
github.com/pschlump/go-isatty v0.0.22/go.mod h1:SwewGrDOVrhqmT2eq4sSngeOYBPAGIwf387q/k3n6fY=
github.com/pschlump/json v1.12.0 h1:PjkeVEgEUg+vkHC8CfeXIG4fChev3a7gjl9wYrTnPIE=
github.com/pschlump/json v1.12.0/go.mod h1:MyeKNxcsYS/AaCqIp6DgPdaE/4NVH49OJVCnQsRoevI=
golang.org/x/sys v0.6.0 h1:MVltZSvRTcU2ljQOhs94SXPftV6DCNnZViHeQps87pQ=
golang.org/x/sys v0.6.0/go.mod h1:oPkhp1MJrh7nUepCBck5+mAzfO9JrbApNNgaTdGDITg=
